{
    "_readme": [
        "This file locks the dependencies of your project to a known state",
        "Read more about it at https://getcomposer.org/doc/01-basic-usage.md#composer-lock-the-lock-file",
        "This file is @generated automatically"
    ],
    "content-hash": "0d4af98c21e57ca56e32fe080e0a51fd",
    "packages": [],
    "packages-dev": [
        {
            "name": "catfan/medoo",
            "version": "v1.2.1",
            "source": {
                "type": "git",
                "url": "https://github.com/catfan/Medoo.git",
                "reference": "b5a788c90c44db0f978512c890cb6962af4685e8"
            },
            "dist": {
                "type": "zip",
                "url": "https://files.phpcomposer.com/files/catfan/Medoo/b5a788c90c44db0f978512c890cb6962af4685e8.zip",
                "reference": "b5a788c90c44db0f978512c890cb6962af4685e8",
                "shasum": ""
            },
            "require": {
                "ext-pdo": "*",
                "php": ">=5.4"
            },
            "suggest": {
                "ext-pdo_dblib": "For MSSQL or Sybase databases on Linux/UNIX platform",
                "ext-pdo_mysql": "For MySQL or MariaDB databases",
                "ext-pdo_oci": "For Oracle databases",
                "ext-pdo_pqsql": "For PostgreSQL databases",
                "ext-pdo_sqlite": "For SQLite databases",
                "ext-pdo_sqlsrv": "For MSSQL databases on Windows platform"
            },
            "type": "framework",
            "autoload": {
                "psr-4": {
                    "Medoo\\": "/src"
                }
            },
            "notification-url": "https://packagist.org/downloads/",
            "license": [
                "MIT"
            ],
            "authors": [
                {
                    "name": "Angel Lai",
                    "email": "angel@catfan.me"
                }
            ],
            "description": "The Lightest PHP database framework to accelerate development",
            "homepage": "http://medoo.in",
            "keywords": [
                "database",
                "lightweight",
                "mssql",
                "mysql",
                "php framework",
                "sql",
                "sqlite"
            ],
            "time": "2017-02-17T16:05:35+00:00"
        },
        {
            "name": "fastd/config",
            "version": "v3.2.2",
            "source": {
                "type": "git",
                "url": "https://github.com/fastdlabs/config.git",
                "reference": "b7092deed966a02db14ff8b4d72590a248de1a05"
            },
            "dist": {
                "type": "zip",
                "url": "https://files.phpcomposer.com/files/fastdlabs/config/b7092deed966a02db14ff8b4d72590a248de1a05.zip",
                "reference": "b7092deed966a02db14ff8b4d72590a248de1a05",
                "shasum": ""
            },
            "require": {
                "fastd/utils": "^0.2",
                "php": ">=5.6",
                "symfony/yaml": "^3.0"
            },
            "require-dev": {
                "phpunit/phpunit": "^5.0"
            },
            "type": "library",
            "autoload": {
                "psr-4": {
                    "FastD\\Config\\": "src"
                },
                "files": [
                    "helpers.php"
                ]
            },
            "notification-url": "https://packagist.org/downloads/",
            "license": [
                "MIT"
            ],
            "authors": [
                {
                    "name": "JanHuang",
                    "email": "bboyjanhuang@gmail.com"
                }
            ],
            "description": "config container",
            "keywords": [
                "FastD",
                "config"
            ],
            "time": "2018-01-24T01:36:20+00:00"
        },
        {
            "name": "fastd/container",
            "version": "v3.2.1",
            "source": {
                "type": "git",
                "url": "https://github.com/fastdlabs/container.git",
                "reference": "b5d7bad79c2cb10c30a3594db3c7f2508d0c2b48"
            },
            "dist": {
                "type": "zip",
                "url": "https://files.phpcomposer.com/files/fastdlabs/container/b5d7bad79c2cb10c30a3594db3c7f2508d0c2b48.zip",
                "reference": "b5d7bad79c2cb10c30a3594db3c7f2508d0c2b48",
                "shasum": ""
            },
            "require": {
                "php": ">=5.6",
                "psr/container": "~1.0.0"
            },
            "require-dev": {
                "phpunit/phpunit": "^5.6"
            },
            "type": "library",
            "autoload": {
                "psr-4": {
                    "FastD\\Container\\": "src"
                }
            },
            "notification-url": "https://packagist.org/downloads/",
            "license": [
                "MIT"
            ],
            "authors": [
                {
                    "name": "JanHuang",
                    "email": "bboyjanhuang@gmail.com"
                }
            ],
            "description": "FastD Container",
            "keywords": [
                "FastD",
                "container"
            ],
            "time": "2018-01-23T10:27:29+00:00"
        },
        {
            "name": "fastd/fastd",
            "version": "v3.2.2",
            "source": {
                "type": "git",
                "url": "https://github.com/fastdlabs/fastD.git",
                "reference": "bf98a667e796c8a79ca9e526a1ef6a4c9ed8532b"
            },
            "dist": {
                "type": "zip",
                "url": "https://files.phpcomposer.com/files/fastdlabs/fastD/bf98a667e796c8a79ca9e526a1ef6a4c9ed8532b.zip",
                "reference": "bf98a667e796c8a79ca9e526a1ef6a4c9ed8532b",
                "shasum": ""
            },
            "require": {
                "catfan/medoo": "~1.2.0",
                "fastd/config": "^3.2",
                "fastd/container": "^3.0",
                "fastd/http": "^3.0",
                "fastd/middleware": "^1.0",
                "fastd/migration": "^0.1",
                "fastd/query-builder": "^2.0",
                "fastd/routing": "^3.0",
                "fastd/swoole": "^2.0",
                "fastd/testing": "^0.3",
                "monolog/monolog": "^1.0",
                "php": ">=5.6",
                "symfony/cache": "^3.0"
            },
            "require-dev": {
                "phpunit/dbunit": "^2.0",
                "phpunit/phpunit": "^5.0",
                "symfony/http-foundation": "^3.0"
            },
            "bin": [
                "bin/console",
                "bin/client",
                "bin/server",
                "bin/process"
            ],
            "type": "library",
            "autoload": {
                "psr-4": {
                    "FastD\\": "src"
                },
                "files": [
                    "helpers.php"
                ]
            },
            "notification-url": "https://packagist.org/downloads/",
            "license": [
                "MIT"
            ],
            "authors": [
                {
                    "name": "janhuang",
                    "email": "bboyjanhuang@gmail.com"
                }
            ],
            "description": "The FastD High Performance API Framework",
            "homepage": "https://fastdlabs.com",
            "keywords": [
                "FastD",
                "api",
                "framework",
                "swoole"
            ],
            "time": "2018-06-15T06:09:15+00:00"
        },
        {
            "name": "fastd/http",
            "version": "v3.0.28",
            "source": {
                "type": "git",
                "url": "https://github.com/fastdlabs/http.git",
                "reference": "9532877fe2dce05bd77d33d644ec7cb7ce974cea"
            },
            "dist": {
                "type": "zip",
                "url": "https://files.phpcomposer.com/files/fastdlabs/http/9532877fe2dce05bd77d33d644ec7cb7ce974cea.zip",
                "reference": "9532877fe2dce05bd77d33d644ec7cb7ce974cea",
                "shasum": ""
            },
            "require": {
                "php": ">=5.6",
                "psr/http-message": "~1.0"
            },
            "require-dev": {
                "phpunit/phpunit": "^5.0"
            },
            "type": "library",
            "autoload": {
                "psr-4": {
                    "FastD\\Http\\": "src"
                }
            },
            "notification-url": "https://packagist.org/downloads/",
            "license": [
                "MIT"
            ],
            "authors": [
                {
                    "name": "JanHuang",
                    "email": "bboyjanhuang@gmail.com"
                }
            ],
            "description": "FastD Http",
            "keywords": [
                "FastD",
                "http"
            ],
            "time": "2018-05-09T12:17:42+00:00"
        },
        {
            "name": "fastd/middleware",
            "version": "v1.2.3",
            "source": {
                "type": "git",
                "url": "https://github.com/fastdlabs/middleware.git",
                "reference": "b92cce51832dda7845f9d64cda7d47daa0604fd2"
            },
            "dist": {
                "type": "zip",
                "url": "https://files.phpcomposer.com/files/fastdlabs/middleware/b92cce51832dda7845f9d64cda7d47daa0604fd2.zip",
                "reference": "b92cce51832dda7845f9d64cda7d47daa0604fd2",
                "shasum": ""
            },
            "require": {
                "fastd/http": "^3.0",
                "php": ">=5.6"
            },
            "require-dev": {
                "phpunit/phpunit": "^5.0"
            },
            "type": "library",
            "autoload": {
                "psr-4": {
                    "FastD\\Middleware\\": "src"
                }
            },
            "notification-url": "https://packagist.org/downloads/",
            "license": [
                "MIT"
            ],
            "authors": [
                {
                    "name": "JanHuang",
                    "email": "bboyjanhuang@gmail.com"
                }
            ],
            "time": "2018-01-23T10:10:49+00:00"
        },
        {
            "name": "fastd/migration",
            "version": "v0.1.1",
            "source": {
                "type": "git",
                "url": "https://github.com/fastdlabs/migration.git",
                "reference": "4fb4b73407c3ccec1db2083fe582b3a014713014"
            },
            "dist": {
                "type": "zip",
                "url": "https://files.phpcomposer.com/files/fastdlabs/migration/4fb4b73407c3ccec1db2083fe582b3a014713014.zip",
                "reference": "4fb4b73407c3ccec1db2083fe582b3a014713014",
                "shasum": ""
            },
            "require": {
                "fastd/config": "^3.0",
                "fastd/query-builder": "^2.0@beta",
                "php": ">=5.6",
                "symfony/console": "^3.0"
            },
            "require-dev": {
                "phpunit/phpunit": "^5.0"
            },
            "type": "library",
            "autoload": {
                "psr-4": {
                    "FastD\\Migration\\": "src"
                }
            },
            "notification-url": "https://packagist.org/downloads/",
            "authors": [
                {
                    "name": "JanHuang",
                    "email": "bboyjanhuang@gmail.com"
                }
            ],
            "time": "2018-06-21T11:53:27+00:00"
        },
        {
            "name": "fastd/packet",
            "version": "v1.4.1",
            "source": {
                "type": "git",
                "url": "https://github.com/fastdlabs/packet.git",
                "reference": "9ede76e942ae747e3f24c36797f6ef6f9758b415"
            },
            "dist": {
                "type": "zip",
                "url": "https://files.phpcomposer.com/files/fastdlabs/packet/9ede76e942ae747e3f24c36797f6ef6f9758b415.zip",
                "reference": "9ede76e942ae747e3f24c36797f6ef6f9758b415",
                "shasum": ""
            },
            "require": {
                "php": ">=5.6"
            },
            "require-dev": {
                "phpunit/phpunit": "^5.0"
            },
            "type": "library",
            "autoload": {
                "psr-4": {
                    "FastD\\Packet\\": "src"
                }
            },
            "notification-url": "https://packagist.org/downloads/",
            "authors": [
                {
                    "name": "janhuang",
                    "email": "bboyjanhuang@gmail.com"
                }
            ],
            "time": "2017-04-28T01:48:43+00:00"
        },
        {
            "name": "fastd/query-builder",
            "version": "v2.0.0",
            "source": {
                "type": "git",
                "url": "https://github.com/fastdlabs/query-builder.git",
                "reference": "af39a4dda3afcc4ac89d299add9e205f16e0d2bf"
            },
            "dist": {
                "type": "zip",
                "url": "https://files.phpcomposer.com/files/fastdlabs/query-builder/af39a4dda3afcc4ac89d299add9e205f16e0d2bf.zip",
                "reference": "af39a4dda3afcc4ac89d299add9e205f16e0d2bf",
                "shasum": ""
            },
            "require": {
                "php": ">=5.6"
            },
            "require-dev": {
                "phpunit/phpunit": "^5.0"
            },
            "type": "library",
            "autoload": {
                "psr-4": {
                    "FastD\\QueryBuilder\\": "src"
                }
            },
            "notification-url": "https://packagist.org/downloads/",
            "license": [
                "MIT"
            ],
            "authors": [
                {
                    "name": "JanHuang",
                    "email": "bboyjanhuang@gmail.com"
                }
            ],
            "description": "Query builder",
            "keywords": [
                "FastD",
                "query"
            ],
            "time": "2017-11-20T15:49:07+00:00"
        },
        {
            "name": "fastd/routing",
            "version": "v3.2.1",
            "source": {
                "type": "git",
                "url": "https://github.com/fastdlabs/routing.git",
                "reference": "76bd4dd38e6cd49f9d37ccdd27387c1d24653c77"
            },
            "dist": {
                "type": "zip",
                "url": "https://files.phpcomposer.com/files/fastdlabs/routing/76bd4dd38e6cd49f9d37ccdd27387c1d24653c77.zip",
                "reference": "76bd4dd38e6cd49f9d37ccdd27387c1d24653c77",
                "shasum": ""
            },
            "require": {
                "fastd/http": "^3.0",
                "fastd/middleware": "^1.0",
                "php": ">=5.6"
            },
            "require-dev": {
                "phpunit/phpunit": "^5.0"
            },
            "type": "library",
            "autoload": {
                "psr-4": {
                    "FastD\\Routing\\": "src"
                }
            },
            "notification-url": "https://packagist.org/downloads/",
            "license": [
                "MIT"
            ],
            "authors": [
                {
                    "name": "JanHuang",
                    "email": "bboyjanhuang@gmail.com"
                }
            ],
            "description": "FastD routing component",
            "keywords": [
                "routing"
            ],
            "time": "2018-01-26T13:08:16+00:00"
        },
        {
            "name": "fastd/swoole",
            "version": "v2.2.2",
            "source": {
                "type": "git",
                "url": "https://github.com/fastdlabs/swoole.git",
                "reference": "c7ac4375e4cada4a5ec738bfcc43d34ba7aeece1"
            },
            "dist": {
                "type": "zip",
                "url": "https://files.phpcomposer.com/files/fastdlabs/swoole/c7ac4375e4cada4a5ec738bfcc43d34ba7aeece1.zip",
                "reference": "c7ac4375e4cada4a5ec738bfcc43d34ba7aeece1",
                "shasum": ""
            },
            "require": {
                "fastd/http": "^3.0",
                "fastd/packet": "^1.4",
                "php": ">=5.6",
                "symfony/console": "^3.0"
            },
            "require-dev": {
                "phpunit/phpunit": "^5.0"
            },
            "type": "library",
            "autoload": {
                "psr-4": {
                    "FastD\\Swoole\\": "src"
                },
                "files": [
                    "helpers.php"
                ]
            },
            "notification-url": "https://packagist.org/downloads/",
            "license": [
                "MIT"
            ],
            "authors": [
                {
                    "name": "JanHuang",
                    "email": "bboyjanhuang@gmail.com"
                }
            ],
            "description": "FastD swoole.",
            "time": "2018-05-08T06:42:50+00:00"
        },
        {
            "name": "fastd/testing",
            "version": "v0.3.5",
            "source": {
                "type": "git",
                "url": "https://github.com/fastdlabs/testing.git",
                "reference": "84295f1c8ff1f3e0e840c2b3cf0b06d3c77584b9"
            },
            "dist": {
                "type": "zip",
                "url": "https://files.phpcomposer.com/files/fastdlabs/testing/84295f1c8ff1f3e0e840c2b3cf0b06d3c77584b9.zip",
                "reference": "84295f1c8ff1f3e0e840c2b3cf0b06d3c77584b9",
                "shasum": ""
            },
            "require": {
                "fastd/http": "~3.0.0"
            },
            "require-dev": {
                "phpunit/dbunit": "^2.0",
                "phpunit/phpunit": "^5.0"
            },
            "type": "library",
            "autoload": {
                "psr-4": {
                    "FastD\\Testing\\": "src"
                }
            },
            "notification-url": "https://packagist.org/downloads/",
            "authors": [
                {
                    "name": "JanHuang",
                    "email": "bboyjanhuang@gmail.com"
                }
            ],
            "time": "2017-06-02T15:17:05+00:00"
        },
        {
            "name": "fastd/utils",
            "version": "v0.2.0",
            "source": {
                "type": "git",
                "url": "https://github.com/fastdlabs/utils.git",
                "reference": "712159fa2a08f61ab797d6c317b07c7e23951f03"
            },
            "dist": {
                "type": "zip",
                "url": "https://files.phpcomposer.com/files/fastdlabs/utils/712159fa2a08f61ab797d6c317b07c7e23951f03.zip",
                "reference": "712159fa2a08f61ab797d6c317b07c7e23951f03",
                "shasum": ""
            },
            "require": {
                "php": ">=5.6"
            },
            "require-dev": {
                "phpunit/phpunit": "^5.0"
            },
            "type": "library",
            "autoload": {
                "psr-4": {
                    "FastD\\Utils\\": "src"
                },
                "files": [
                    "helpers.php"
                ]
            },
            "notification-url": "https://packagist.org/downloads/",
            "authors": [
                {
                    "name": "JanHuang",
                    "email": "bboyjanhuang@gmail.com"
                }
            ],
            "time": "2018-01-23T08:29:55+00:00"
        },
        {
            "name": "monolog/monolog",
            "version": "1.23.0",
            "source": {
                "type": "git",
                "url": "https://github.com/Seldaek/monolog.git",
                "reference": "fd8c787753b3a2ad11bc60c063cff1358a32a3b4"
            },
            "dist": {
                "type": "zip",
                "url": "https://files.phpcomposer.com/files/Seldaek/monolog/fd8c787753b3a2ad11bc60c063cff1358a32a3b4.zip",
                "reference": "fd8c787753b3a2ad11bc60c063cff1358a32a3b4",
                "shasum": ""
            },
            "require": {
                "php": ">=5.3.0",
                "psr/log": "~1.0"
            },
            "provide": {
                "psr/log-implementation": "1.0.0"
            },
            "require-dev": {
                "aws/aws-sdk-php": "^2.4.9 || ^3.0",
                "doctrine/couchdb": "~1.0@dev",
                "graylog2/gelf-php": "~1.0",
                "jakub-onderka/php-parallel-lint": "0.9",
                "php-amqplib/php-amqplib": "~2.4",
                "php-console/php-console": "^3.1.3",
                "phpunit/phpunit": "~4.5",
                "phpunit/phpunit-mock-objects": "2.3.0",
                "ruflin/elastica": ">=0.90 <3.0",
                "sentry/sentry": "^0.13",
                "swiftmailer/swiftmailer": "^5.3|^6.0"
            },
            "suggest": {
                "aws/aws-sdk-php": "Allow sending log messages to AWS services like DynamoDB",
                "doctrine/couchdb": "Allow sending log messages to a CouchDB server",
                "ext-amqp": "Allow sending log messages to an AMQP server (1.0+ required)",
                "ext-mongo": "Allow sending log messages to a MongoDB server",
                "graylog2/gelf-php": "Allow sending log messages to a GrayLog2 server",
                "mongodb/mongodb": "Allow sending log messages to a MongoDB server via PHP Driver",
                "php-amqplib/php-amqplib": "Allow sending log messages to an AMQP server using php-amqplib",
                "php-console/php-console": "Allow sending log messages to Google Chrome",
                "rollbar/rollbar": "Allow sending log messages to Rollbar",
                "ruflin/elastica": "Allow sending log messages to an Elastic Search server",
                "sentry/sentry": "Allow sending log messages to a Sentry server"
            },
            "type": "library",
            "extra": {
                "branch-alias": {
                    "dev-master": "2.0.x-dev"
                }
            },
            "autoload": {
                "psr-4": {
                    "Monolog\\": "src/Monolog"
                }
            },
            "notification-url": "https://packagist.org/downloads/",
            "license": [
                "MIT"
            ],
            "authors": [
                {
                    "name": "Jordi Boggiano",
                    "email": "j.boggiano@seld.be",
                    "homepage": "http://seld.be"
                }
            ],
            "description": "Sends your logs to files, sockets, inboxes, databases and various web services",
            "homepage": "http://github.com/Seldaek/monolog",
            "keywords": [
                "log",
                "logging",
                "psr-3"
            ],
            "time": "2017-06-19T01:22:40+00:00"
        },
        {
            "name": "psr/cache",
            "version": "1.0.1",
            "source": {
                "type": "git",
                "url": "https://github.com/php-fig/cache.git",
                "reference": "d11b50ad223250cf17b86e38383413f5a6764bf8"
            },
            "dist": {
                "type": "zip",
                "url": "https://files.phpcomposer.com/files/php-fig/cache/d11b50ad223250cf17b86e38383413f5a6764bf8.zip",
                "reference": "d11b50ad223250cf17b86e38383413f5a6764bf8",
                "shasum": ""
            },
            "require": {
                "php": ">=5.3.0"
            },
            "type": "library",
            "extra": {
                "branch-alias": {
                    "dev-master": "1.0.x-dev"
                }
            },
            "autoload": {
                "psr-4": {
                    "Psr\\Cache\\": "src/"
                }
            },
            "notification-url": "https://packagist.org/downloads/",
            "license": [
                "MIT"
            ],
            "authors": [
                {
                    "name": "PHP-FIG",
                    "homepage": "http://www.php-fig.org/"
                }
            ],
            "description": "Common interface for caching libraries",
            "keywords": [
                "cache",
                "psr",
                "psr-6"
            ],
            "time": "2016-08-06T20:24:11+00:00"
        },
        {
            "name": "psr/container",
            "version": "1.0.0",
            "source": {
                "type": "git",
                "url": "https://github.com/php-fig/container.git",
                "reference": "b7ce3b176482dbbc1245ebf52b181af44c2cf55f"
            },
            "dist": {
                "type": "zip",
                "url": "https://files.phpcomposer.com/files/php-fig/container/b7ce3b176482dbbc1245ebf52b181af44c2cf55f.zip",
                "reference": "b7ce3b176482dbbc1245ebf52b181af44c2cf55f",
                "shasum": ""
            },
            "require": {
                "php": ">=5.3.0"
            },
            "type": "library",
            "extra": {
                "branch-alias": {
                    "dev-master": "1.0.x-dev"
                }
            },
            "autoload": {
                "psr-4": {
                    "Psr\\Container\\": "src/"
                }
            },
            "notification-url": "https://packagist.org/downloads/",
            "license": [
                "MIT"
            ],
            "authors": [
                {
                    "name": "PHP-FIG",
                    "homepage": "http://www.php-fig.org/"
                }
            ],
            "description": "Common Container Interface (PHP FIG PSR-11)",
            "homepage": "https://github.com/php-fig/container",
            "keywords": [
                "PSR-11",
                "container",
                "container-interface",
                "container-interop",
                "psr"
            ],
            "time": "2017-02-14T16:28:37+00:00"
        },
        {
            "name": "psr/http-message",
            "version": "1.0.1",
            "source": {
                "type": "git",
                "url": "https://github.com/php-fig/http-message.git",
                "reference": "f6561bf28d520154e4b0ec72be95418abe6d9363"
            },
            "dist": {
                "type": "zip",
                "url": "https://files.phpcomposer.com/files/php-fig/http-message/f6561bf28d520154e4b0ec72be95418abe6d9363.zip",
                "reference": "f6561bf28d520154e4b0ec72be95418abe6d9363",
                "shasum": ""
            },
            "require": {
                "php": ">=5.3.0"
            },
            "type": "library",
            "extra": {
                "branch-alias": {
                    "dev-master": "1.0.x-dev"
                }
            },
            "autoload": {
                "psr-4": {
                    "Psr\\Http\\Message\\": "src/"
                }
            },
            "notification-url": "https://packagist.org/downloads/",
            "license": [
                "MIT"
            ],
            "authors": [
                {
                    "name": "PHP-FIG",
                    "homepage": "http://www.php-fig.org/"
                }
            ],
            "description": "Common interface for HTTP messages",
            "homepage": "https://github.com/php-fig/http-message",
            "keywords": [
                "http",
                "http-message",
                "psr",
                "psr-7",
                "request",
                "response"
            ],
            "time": "2016-08-06T14:39:51+00:00"
        },
        {
            "name": "psr/log",
            "version": "1.0.2",
            "source": {
                "type": "git",
                "url": "https://github.com/php-fig/log.git",
                "reference": "4ebe3a8bf773a19edfe0a84b6585ba3d401b724d"
            },
            "dist": {
                "type": "zip",
                "url": "https://files.phpcomposer.com/files/php-fig/log/4ebe3a8bf773a19edfe0a84b6585ba3d401b724d.zip",
                "reference": "4ebe3a8bf773a19edfe0a84b6585ba3d401b724d",
                "shasum": ""
            },
            "require": {
                "php": ">=5.3.0"
            },
            "type": "library",
            "extra": {
                "branch-alias": {
                    "dev-master": "1.0.x-dev"
                }
            },
            "autoload": {
                "psr-4": {
                    "Psr\\Log\\": "Psr/Log/"
                }
            },
            "notification-url": "https://packagist.org/downloads/",
            "license": [
                "MIT"
            ],
            "authors": [
                {
                    "name": "PHP-FIG",
                    "homepage": "http://www.php-fig.org/"
                }
            ],
            "description": "Common interface for logging libraries",
            "homepage": "https://github.com/php-fig/log",
            "keywords": [
                "log",
                "psr",
                "psr-3"
            ],
            "time": "2016-10-10T12:19:37+00:00"
        },
        {
            "name": "psr/simple-cache",
            "version": "1.0.1",
            "source": {
                "type": "git",
                "url": "https://github.com/php-fig/simple-cache.git",
                "reference": "408d5eafb83c57f6365a3ca330ff23aa4a5fa39b"
            },
            "dist": {
                "type": "zip",
                "url": "https://files.phpcomposer.com/files/php-fig/simple-cache/408d5eafb83c57f6365a3ca330ff23aa4a5fa39b.zip",
                "reference": "408d5eafb83c57f6365a3ca330ff23aa4a5fa39b",
                "shasum": ""
            },
            "require": {
                "php": ">=5.3.0"
            },
            "type": "library",
            "extra": {
                "branch-alias": {
                    "dev-master": "1.0.x-dev"
                }
            },
            "autoload": {
                "psr-4": {
                    "Psr\\SimpleCache\\": "src/"
                }
            },
            "notification-url": "https://packagist.org/downloads/",
            "license": [
                "MIT"
            ],
            "authors": [
                {
                    "name": "PHP-FIG",
                    "homepage": "http://www.php-fig.org/"
                }
            ],
            "description": "Common interfaces for simple caching",
            "keywords": [
                "cache",
                "caching",
                "psr",
                "psr-16",
                "simple-cache"
            ],
            "time": "2017-10-23T01:57:42+00:00"
        },
        {
            "name": "symfony/cache",
            "version": "v3.4.12",
            "source": {
                "type": "git",
                "url": "https://github.com/symfony/cache.git",
                "reference": "99bd0bc61d1de38a7ab3d98ceab00e46ad7385fa"
            },
            "dist": {
                "type": "zip",
                "url": "https://files.phpcomposer.com/files/symfony/cache/99bd0bc61d1de38a7ab3d98ceab00e46ad7385fa.zip",
                "reference": "99bd0bc61d1de38a7ab3d98ceab00e46ad7385fa",
                "shasum": ""
            },
            "require": {
                "php": "^5.5.9|>=7.0.8",
                "psr/cache": "~1.0",
                "psr/log": "~1.0",
                "psr/simple-cache": "^1.0",
                "symfony/polyfill-apcu": "~1.1"
            },
            "conflict": {
                "symfony/var-dumper": "<3.3"
            },
            "provide": {
                "psr/cache-implementation": "1.0",
                "psr/simple-cache-implementation": "1.0"
            },
            "require-dev": {
                "cache/integration-tests": "dev-master",
                "doctrine/cache": "~1.6",
                "doctrine/dbal": "~2.4",
                "predis/predis": "~1.0"
            },
            "type": "library",
            "extra": {
                "branch-alias": {
                    "dev-master": "3.4-dev"
                }
            },
            "autoload": {
                "psr-4": {
                    "Symfony\\Component\\Cache\\": ""
                },
                "exclude-from-classmap": [
                    "/Tests/"
                ]
            },
            "notification-url": "https://packagist.org/downloads/",
            "license": [
                "MIT"
            ],
            "authors": [
                {
                    "name": "Nicolas Grekas",
                    "email": "p@tchwork.com"
                },
                {
                    "name": "Symfony Community",
                    "homepage": "https://symfony.com/contributors"
                }
            ],
            "description": "Symfony Cache component with PSR-6, PSR-16, and tags",
            "homepage": "https://symfony.com",
            "keywords": [
                "caching",
                "psr6"
            ],
            "time": "2018-06-21T12:16:06+00:00"
        },
        {
            "name": "symfony/console",
            "version": "v3.4.12",
            "source": {
                "type": "git",
                "url": "https://github.com/symfony/console.git",
                "reference": "1b97071a26d028c9bd4588264e101e14f6e7cd00"
            },
            "dist": {
                "type": "zip",
                "url": "https://files.phpcomposer.com/files/symfony/console/1b97071a26d028c9bd4588264e101e14f6e7cd00.zip",
                "reference": "1b97071a26d028c9bd4588264e101e14f6e7cd00",
                "shasum": ""
            },
            "require": {
                "php": "^5.5.9|>=7.0.8",
                "symfony/debug": "~2.8|~3.0|~4.0",
                "symfony/polyfill-mbstring": "~1.0"
            },
            "conflict": {
                "symfony/dependency-injection": "<3.4",
                "symfony/process": "<3.3"
            },
            "require-dev": {
                "psr/log": "~1.0",
                "symfony/config": "~3.3|~4.0",
                "symfony/dependency-injection": "~3.4|~4.0",
                "symfony/event-dispatcher": "~2.8|~3.0|~4.0",
                "symfony/lock": "~3.4|~4.0",
                "symfony/process": "~3.3|~4.0"
            },
            "suggest": {
                "psr/log-implementation": "For using the console logger",
                "symfony/event-dispatcher": "",
                "symfony/lock": "",
                "symfony/process": ""
            },
            "type": "library",
            "extra": {
                "branch-alias": {
                    "dev-master": "3.4-dev"
                }
            },
            "autoload": {
                "psr-4": {
                    "Symfony\\Component\\Console\\": ""
                },
                "exclude-from-classmap": [
                    "/Tests/"
                ]
            },
            "notification-url": "https://packagist.org/downloads/",
            "license": [
                "MIT"
            ],
            "authors": [
                {
                    "name": "Fabien Potencier",
                    "email": "fabien@symfony.com"
                },
                {
                    "name": "Symfony Community",
                    "homepage": "https://symfony.com/contributors"
                }
            ],
            "description": "Symfony Console Component",
            "homepage": "https://symfony.com",
            "time": "2018-05-23T05:02:55+00:00"
        },
        {
            "name": "symfony/debug",
            "version": "v4.1.1",
            "source": {
                "type": "git",
                "url": "https://github.com/symfony/debug.git",
                "reference": "dbe0fad88046a755dcf9379f2964c61a02f5ae3d"
            },
            "dist": {
                "type": "zip",
                "url": "https://files.phpcomposer.com/files/symfony/debug/dbe0fad88046a755dcf9379f2964c61a02f5ae3d.zip",
                "reference": "dbe0fad88046a755dcf9379f2964c61a02f5ae3d",
                "shasum": ""
            },
            "require": {
                "php": "^7.1.3",
                "psr/log": "~1.0"
            },
            "conflict": {
                "symfony/http-kernel": "<3.4"
            },
            "require-dev": {
                "symfony/http-kernel": "~3.4|~4.0"
            },
            "type": "library",
            "extra": {
                "branch-alias": {
                    "dev-master": "4.1-dev"
                }
            },
            "autoload": {
                "psr-4": {
                    "Symfony\\Component\\Debug\\": ""
                },
                "exclude-from-classmap": [
                    "/Tests/"
                ]
            },
            "notification-url": "https://packagist.org/downloads/",
            "license": [
                "MIT"
            ],
            "authors": [
                {
                    "name": "Fabien Potencier",
                    "email": "fabien@symfony.com"
                },
                {
                    "name": "Symfony Community",
                    "homepage": "https://symfony.com/contributors"
                }
            ],
            "description": "Symfony Debug Component",
            "homepage": "https://symfony.com",
            "time": "2018-06-08T09:39:36+00:00"
        },
        {
            "name": "symfony/polyfill-apcu",
            "version": "v1.8.0",
            "source": {
                "type": "git",
                "url": "https://github.com/symfony/polyfill-apcu.git",
                "reference": "9b83bd010112ec196410849e840d9b9fefcb15ad"
            },
            "dist": {
                "type": "zip",
                "url": "https://files.phpcomposer.com/files/symfony/polyfill-apcu/9b83bd010112ec196410849e840d9b9fefcb15ad.zip",
                "reference": "9b83bd010112ec196410849e840d9b9fefcb15ad",
                "shasum": ""
            },
            "require": {
                "php": ">=5.3.3"
            },
            "type": "library",
            "extra": {
                "branch-alias": {
                    "dev-master": "1.8-dev"
                }
            },
            "autoload": {
                "psr-4": {
                    "Symfony\\Polyfill\\Apcu\\": ""
                },
                "files": [
                    "bootstrap.php"
                ]
            },
            "notification-url": "https://packagist.org/downloads/",
            "license": [
                "MIT"
            ],
            "authors": [
                {
                    "name": "Nicolas Grekas",
                    "email": "p@tchwork.com"
                },
                {
                    "name": "Symfony Community",
                    "homepage": "https://symfony.com/contributors"
                }
            ],
            "description": "Symfony polyfill backporting apcu_* functions to lower PHP versions",
            "homepage": "https://symfony.com",
            "keywords": [
                "apcu",
                "compatibility",
                "polyfill",
                "portable",
                "shim"
            ],
            "time": "2018-04-26T10:06:28+00:00"
        },
        {
            "name": "symfony/polyfill-ctype",
            "version": "v1.8.0",
            "source": {
                "type": "git",
                "url": "https://github.com/symfony/polyfill-ctype.git",
                "reference": "7cc359f1b7b80fc25ed7796be7d96adc9b354bae"
            },
            "dist": {
                "type": "zip",
                "url": "https://files.phpcomposer.com/files/symfony/polyfill-ctype/7cc359f1b7b80fc25ed7796be7d96adc9b354bae.zip",
                "reference": "7cc359f1b7b80fc25ed7796be7d96adc9b354bae",
                "shasum": ""
            },
            "require": {
                "php": ">=5.3.3"
            },
            "type": "library",
            "extra": {
                "branch-alias": {
                    "dev-master": "1.8-dev"
                }
            },
            "autoload": {
                "psr-4": {
                    "Symfony\\Polyfill\\Ctype\\": ""
                },
                "files": [
                    "bootstrap.php"
                ]
            },
            "notification-url": "https://packagist.org/downloads/",
            "license": [
                "MIT"
            ],
            "authors": [
                {
                    "name": "Symfony Community",
                    "homepage": "https://symfony.com/contributors"
                },
                {
                    "name": "Gert de Pagter",
                    "email": "BackEndTea@gmail.com"
                }
            ],
            "description": "Symfony polyfill for ctype functions",
            "homepage": "https://symfony.com",
            "keywords": [
                "compatibility",
                "ctype",
                "polyfill",
                "portable"
            ],
            "time": "2018-04-30T19:57:29+00:00"
        },
        {
            "name": "symfony/polyfill-mbstring",
            "version": "v1.8.0",
            "source": {
                "type": "git",
                "url": "https://github.com/symfony/polyfill-mbstring.git",
                "reference": "3296adf6a6454a050679cde90f95350ad604b171"
            },
            "dist": {
                "type": "zip",
                "url": "https://files.phpcomposer.com/files/symfony/polyfill-mbstring/3296adf6a6454a050679cde90f95350ad604b171.zip",
                "reference": "3296adf6a6454a050679cde90f95350ad604b171",
                "shasum": ""
            },
            "require": {
                "php": ">=5.3.3"
            },
            "suggest": {
                "ext-mbstring": "For best performance"
            },
            "type": "library",
            "extra": {
                "branch-alias": {
                    "dev-master": "1.8-dev"
                }
            },
            "autoload": {
                "psr-4": {
                    "Symfony\\Polyfill\\Mbstring\\": ""
                },
                "files": [
                    "bootstrap.php"
                ]
            },
            "notification-url": "https://packagist.org/downloads/",
            "license": [
                "MIT"
            ],
            "authors": [
                {
                    "name": "Nicolas Grekas",
                    "email": "p@tchwork.com"
                },
                {
                    "name": "Symfony Community",
                    "homepage": "https://symfony.com/contributors"
                }
            ],
            "description": "Symfony polyfill for the Mbstring extension",
            "homepage": "https://symfony.com",
            "keywords": [
                "compatibility",
                "mbstring",
                "polyfill",
                "portable",
                "shim"
            ],
            "time": "2018-04-26T10:06:28+00:00"
        },
        {
            "name": "symfony/yaml",
            "version": "v3.4.12",
            "source": {
                "type": "git",
                "url": "https://github.com/symfony/yaml.git",
                "reference": "c5010cc1692ce1fa328b1fb666961eb3d4a85bb0"
            },
            "dist": {
                "type": "zip",
                "url": "https://files.phpcomposer.com/files/symfony/yaml/c5010cc1692ce1fa328b1fb666961eb3d4a85bb0.zip",
                "reference": "c5010cc1692ce1fa328b1fb666961eb3d4a85bb0",
                "shasum": ""
            },
            "require": {
                "php": "^5.5.9|>=7.0.8",
                "symfony/polyfill-ctype": "~1.8"
            },
            "conflict": {
                "symfony/console": "<3.4"
            },
            "require-dev": {
                "symfony/console": "~3.4|~4.0"
            },
            "suggest": {
                "symfony/console": "For validating YAML files using the lint command"
            },
            "type": "library",
            "extra": {
                "branch-alias": {
                    "dev-master": "3.4-dev"
                }
            },
            "autoload": {
                "psr-4": {
                    "Symfony\\Component\\Yaml\\": ""
                },
                "exclude-from-classmap": [
                    "/Tests/"
                ]
            },
            "notification-url": "https://packagist.org/downloads/",
            "license": [
                "MIT"
            ],
            "authors": [
                {
                    "name": "Fabien Potencier",
                    "email": "fabien@symfony.com"
                },
                {
                    "name": "Symfony Community",
                    "homepage": "https://symfony.com/contributors"
                }
            ],
            "description": "Symfony Yaml Component",
            "homepage": "https://symfony.com",
            "time": "2018-05-03T23:18:14+00:00"
        }
    ],
    "aliases": [],
    "minimum-stability": "stable",
    "stability-flags": [],
    "prefer-stable": false,
    "prefer-lowest": false,
    "platform": {
        "php": ">=5.6"
    },
    "platform-dev": []
}
